// !$*UTF8*$!
{
	archiveVersion = 1;
	classes = {
	};
	objectVersion = 46;
	objects = {

/* Begin PBXBuildFile section */
		09B85B941CD8CD1B00FE4D7E /* main.m in Sources */ = {isa = PBXBuildFile; fileRef = 09B85B931CD8CD1B00FE4D7E /* main.m */; };
		09B85B971CD8CD1B00FE4D7E /* AppDelegate.m in Sources */ = {isa = PBXBuildFile; fileRef = 09B85B961CD8CD1B00FE4D7E /* AppDelegate.m */; };
		09B85B9D1CD8CD1B00FE4D7E /* Main.storyboard in Resources */ = {isa = PBXBuildFile; fileRef = 09B85B9B1CD8CD1B00FE4D7E /* Main.storyboard */; };
		09B85B9F1CD8CD1B00FE4D7E /* Assets.xcassets in Resources */ = {isa = PBXBuildFile; fileRef = 09B85B9E1CD8CD1B00FE4D7E /* Assets.xcassets */; };
		09B85BA21CD8CD1B00FE4D7E /* LaunchScreen.storyboard in Resources */ = {isa = PBXBuildFile; fileRef = 09B85BA01CD8CD1B00FE4D7E /* LaunchScreen.storyboard */; };
		09B85BAC1CD8CD5F00FE4D7E /* SODownloader.m in Sources */ = {isa = PBXBuildFile; fileRef = 09B85BAB1CD8CD5F00FE4D7E /* SODownloader.m */; };
		09B85BAF1CD8CD6E00FE4D7E /* SODownloadItem.m in Sources */ = {isa = PBXBuildFile; fileRef = 09B85BAE1CD8CD6E00FE4D7E /* SODownloadItem.m */; };
		09B85BB21CD8E85400FE4D7E /* SOMusic.m in Sources */ = {isa = PBXBuildFile; fileRef = 09B85BB11CD8E85400FE4D7E /* SOMusic.m */; };
		6D65B6FE9D72C3A75D2CE299 /* libPods-SODownloadExample.a in Frameworks */ = {isa = PBXBuildFile; fileRef = 13C5B33B2BB92859BC6F0183 /* libPods-SODownloadExample.a */; };
		D9A084251D1797DD0093955A /* SOMusicListViewController.m in Sources */ = {isa = PBXBuildFile; fileRef = D9A084241D1797DD0093955A /* SOMusicListViewController.m */; };
		D9A084281D17981F0093955A /* SOMusicListCell.m in Sources */ = {isa = PBXBuildFile; fileRef = D9A084271D17981F0093955A /* SOMusicListCell.m */; };
		D9AF5C9D1D266ECC00A22593 /* SODownloadViewController.m in Sources */ = {isa = PBXBuildFile; fileRef = D9AF5C9C1D266ECC00A22593 /* SODownloadViewController.m */; };
		D9AF5CA31D26707D00A22593 /* SOLocalMusicCell.m in Sources */ = {isa = PBXBuildFile; fileRef = D9AF5CA21D26707D00A22593 /* SOLocalMusicCell.m */; };
		D9AF5CA61D26709200A22593 /* SOLoadingMusicCell.m in Sources */ = {isa = PBXBuildFile; fileRef = D9AF5CA51D26709200A22593 /* SOLoadingMusicCell.m */; };
		D9AF5CA91D26715900A22593 /* SOLocalStore.m in Sources */ = {isa = PBXBuildFile; fileRef = D9AF5CA81D26715900A22593 /* SOLocalStore.m */; };
/* End PBXBuildFile section */

/* Begin PBXFileReference section */
		09B85B8F1CD8CD1B00FE4D7E /* SODownloadExample.app */ = {isa = PBXFileReference; explicitFileType = wrapper.application; includeInIndex = 0; path = SODownloadExample.app; sourceTree = BUILT_PRODUCTS_DIR; };
		09B85B931CD8CD1B00FE4D7E /* main.m */ = {isa = PBXFileReference; lastKnownFileType = sourcecode.c.objc; path = main.m; sourceTree = "<group>"; };
		09B85B951CD8CD1B00FE4D7E /* AppDelegate.h */ = {isa = PBXFileReference; lastKnownFileType = sourcecode.c.h; path = AppDelegate.h; sourceTree = "<group>"; };
		09B85B961CD8CD1B00FE4D7E /* AppDelegate.m */ = {isa = PBXFileReference; lastKnownFileType = sourcecode.c.objc; path = AppDelegate.m; sourceTree = "<group>"; };
		09B85B9C1CD8CD1B00FE4D7E /* Base */ = {isa = PBXFileReference; lastKnownFileType = file.storyboard; name = Base; path = Base.lproj/Main.storyboard; sourceTree = "<group>"; };
		09B85B9E1CD8CD1B00FE4D7E /* Assets.xcassets */ = {isa = PBXFileReference; lastKnownFileType = folder.assetcatalog; path = Assets.xcassets; sourceTree = "<group>"; };
		09B85BA11CD8CD1B00FE4D7E /* Base */ = {isa = PBXFileReference; lastKnownFileType = file.storyboard; name = Base; path = Base.lproj/LaunchScreen.storyboard; sourceTree = "<group>"; };
		09B85BA31CD8CD1B00FE4D7E /* Info.plist */ = {isa = PBXFileReference; lastKnownFileType = text.plist.xml; path = Info.plist; sourceTree = "<group>"; };
		09B85BAA1CD8CD5F00FE4D7E /* SODownloader.h */ = {isa = PBXFileReference; fileEncoding = 4; lastKnownFileType = sourcecode.c.h; path = SODownloader.h; sourceTree = "<group>"; };
		09B85BAB1CD8CD5F00FE4D7E /* SODownloader.m */ = {isa = PBXFileReference; fileEncoding = 4; lastKnownFileType = sourcecode.c.objc; path = SODownloader.m; sourceTree = "<group>"; };
		09B85BAD1CD8CD6E00FE4D7E /* SODownloadItem.h */ = {isa = PBXFileReference; fileEncoding = 4; lastKnownFileType = sourcecode.c.h; path = SODownloadItem.h; sourceTree = "<group>"; };
		09B85BAE1CD8CD6E00FE4D7E /* SODownloadItem.m */ = {isa = PBXFileReference; fileEncoding = 4; lastKnownFileType = sourcecode.c.objc; path = SODownloadItem.m; sourceTree = "<group>"; };
		09B85BB01CD8E85400FE4D7E /* SOMusic.h */ = {isa = PBXFileReference; fileEncoding = 4; lastKnownFileType = sourcecode.c.h; path = SOMusic.h; sourceTree = "<group>"; };
		09B85BB11CD8E85400FE4D7E /* SOMusic.m */ = {isa = PBXFileReference; fileEncoding = 4; lastKnownFileType = sourcecode.c.objc; path = SOMusic.m; sourceTree = "<group>"; };
		0FD10F8ECCB4AF0D3775C09B /* Pods-SODownloadExample.debug.xcconfig */ = {isa = PBXFileReference; includeInIndex = 1; lastKnownFileType = text.xcconfig; name = "Pods-SODownloadExample.debug.xcconfig"; path = "Pods/Target Support Files/Pods-SODownloadExample/Pods-SODownloadExample.debug.xcconfig"; sourceTree = "<group>"; };
		13C5B33B2BB92859BC6F0183 /* libPods-SODownloadExample.a */ = {isa = PBXFileReference; explicitFileType = archive.ar; includeInIndex = 0; path = "libPods-SODownloadExample.a"; sourceTree = BUILT_PRODUCTS_DIR; };
		D9A084231D1797DD0093955A /* SOMusicListViewController.h */ = {isa = PBXFileReference; fileEncoding = 4; lastKnownFileType = sourcecode.c.h; path = SOMusicListViewController.h; sourceTree = "<group>"; };
		D9A084241D1797DD0093955A /* SOMusicListViewController.m */ = {isa = PBXFileReference; fileEncoding = 4; lastKnownFileType = sourcecode.c.objc; path = SOMusicListViewController.m; sourceTree = "<group>"; };
		D9A084261D17981F0093955A /* SOMusicListCell.h */ = {isa = PBXFileReference; fileEncoding = 4; lastKnownFileType = sourcecode.c.h; path = SOMusicListCell.h; sourceTree = "<group>"; };
		D9A084271D17981F0093955A /* SOMusicListCell.m */ = {isa = PBXFileReference; fileEncoding = 4; lastKnownFileType = sourcecode.c.objc; path = SOMusicListCell.m; sourceTree = "<group>"; };
		D9AF5C9B1D266ECC00A22593 /* SODownloadViewController.h */ = {isa = PBXFileReference; fileEncoding = 4; lastKnownFileType = sourcecode.c.h; path = SODownloadViewController.h; sourceTree = "<group>"; };
		D9AF5C9C1D266ECC00A22593 /* SODownloadViewController.m */ = {isa = PBXFileReference; fileEncoding = 4; lastKnownFileType = sourcecode.c.objc; path = SODownloadViewController.m; sourceTree = "<group>"; };
		D9AF5CA11D26707D00A22593 /* SOLocalMusicCell.h */ = {isa = PBXFileReference; fileEncoding = 4; lastKnownFileType = sourcecode.c.h; path = SOLocalMusicCell.h; sourceTree = "<group>"; };
		D9AF5CA21D26707D00A22593 /* SOLocalMusicCell.m */ = {isa = PBXFileReference; fileEncoding = 4; lastKnownFileType = sourcecode.c.objc; path = SOLocalMusicCell.m; sourceTree = "<group>"; };
		D9AF5CA41D26709200A22593 /* SOLoadingMusicCell.h */ = {isa = PBXFileReference; fileEncoding = 4; lastKnownFileType = sourcecode.c.h; path = SOLoadingMusicCell.h; sourceTree = "<group>"; };
		D9AF5CA51D26709200A22593 /* SOLoadingMusicCell.m */ = {isa = PBXFileReference; fileEncoding = 4; lastKnownFileType = sourcecode.c.objc; path = SOLoadingMusicCell.m; sourceTree = "<group>"; };
		D9AF5CA71D26715900A22593 /* SOLocalStore.h */ = {isa = PBXFileReference; fileEncoding = 4; lastKnownFileType = sourcecode.c.h; path = SOLocalStore.h; sourceTree = "<group>"; };
		D9AF5CA81D26715900A22593 /* SOLocalStore.m */ = {isa = PBXFileReference; fileEncoding = 4; lastKnownFileType = sourcecode.c.objc; path = SOLocalStore.m; sourceTree = "<group>"; };
		E0DB6CB621DCCF438BC0A510 /* Pods-SODownloadExample.release.xcconfig */ = {isa = PBXFileReference; includeInIndex = 1; lastKnownFileType = text.xcconfig; name = "Pods-SODownloadExample.release.xcconfig"; path = "Pods/Target Support Files/Pods-SODownloadExample/Pods-SODownloadExample.release.xcconfig"; sourceTree = "<group>"; };
/* End PBXFileReference section */

/* Begin PBXFrameworksBuildPhase section */
		09B85B8C1CD8CD1B00FE4D7E /* Frameworks */ = {
			isa = PBXFrameworksBuildPhase;
			buildActionMask = 2147483647;
			files = (
				6D65B6FE9D72C3A75D2CE299 /* libPods-SODownloadExample.a in Frameworks */,
			);
			runOnlyForDeploymentPostprocessing = 0;
		};
/* End PBXFrameworksBuildPhase section */

/* Begin PBXGroup section */
		09B85B861CD8CD1B00FE4D7E = {
			isa = PBXGroup;
			children = (
				09B85B911CD8CD1B00FE4D7E /* SODownloadExample */,
				09B85B901CD8CD1B00FE4D7E /* Products */,
				F701442ED32DD996A0348104 /* Pods */,
				711828AF0C097830AC5FE91D /* Frameworks */,
			);
			sourceTree = "<group>";
		};
		09B85B901CD8CD1B00FE4D7E /* Products */ = {
			isa = PBXGroup;
			children = (
				09B85B8F1CD8CD1B00FE4D7E /* SODownloadExample.app */,
			);
			name = Products;
			sourceTree = "<group>";
		};
		09B85B911CD8CD1B00FE4D7E /* SODownloadExample */ = {
			isa = PBXGroup;
			children = (
				D9AF5CAA1D26716D00A22593 /* ExampleClasses */,
				09B85BA91CD8CD4300FE4D7E /* SODownloader */,
				09B85B951CD8CD1B00FE4D7E /* AppDelegate.h */,
				09B85B961CD8CD1B00FE4D7E /* AppDelegate.m */,
				09B85B9B1CD8CD1B00FE4D7E /* Main.storyboard */,
				09B85B9E1CD8CD1B00FE4D7E /* Assets.xcassets */,
				09B85BA01CD8CD1B00FE4D7E /* LaunchScreen.storyboard */,
				09B85BA31CD8CD1B00FE4D7E /* Info.plist */,
				09B85B921CD8CD1B00FE4D7E /* Supporting Files */,
			);
			path = SODownloadExample;
			sourceTree = "<group>";
		};
		09B85B921CD8CD1B00FE4D7E /* Supporting Files */ = {
			isa = PBXGroup;
			children = (
				09B85B931CD8CD1B00FE4D7E /* main.m */,
			);
			name = "Supporting Files";
			sourceTree = "<group>";
		};
		09B85BA91CD8CD4300FE4D7E /* SODownloader */ = {
			isa = PBXGroup;
			children = (
				09B85BAA1CD8CD5F00FE4D7E /* SODownloader.h */,
				09B85BAB1CD8CD5F00FE4D7E /* SODownloader.m */,
				09B85BAD1CD8CD6E00FE4D7E /* SODownloadItem.h */,
				09B85BAE1CD8CD6E00FE4D7E /* SODownloadItem.m */,
			);
			path = SODownloader;
			sourceTree = "<group>";
		};
		711828AF0C097830AC5FE91D /* Frameworks */ = {
			isa = PBXGroup;
			children = (
				13C5B33B2BB92859BC6F0183 /* libPods-SODownloadExample.a */,
			);
			name = Frameworks;
			sourceTree = "<group>";
		};
		D9AF5CAA1D26716D00A22593 /* ExampleClasses */ = {
			isa = PBXGroup;
			children = (
				D9AF5CAD1D2671B600A22593 /* ViewController */,
				D9AF5CAC1D2671A800A22593 /* Model */,
				D9AF5CAB1D26719A00A22593 /* View */,
			);
			name = ExampleClasses;
			sourceTree = "<group>";
		};
		D9AF5CAB1D26719A00A22593 /* View */ = {
			isa = PBXGroup;
			children = (
				D9A084261D17981F0093955A /* SOMusicListCell.h */,
				D9A084271D17981F0093955A /* SOMusicListCell.m */,
				D9AF5CA11D26707D00A22593 /* SOLocalMusicCell.h */,
				D9AF5CA21D26707D00A22593 /* SOLocalMusicCell.m */,
				D9AF5CA41D26709200A22593 /* SOLoadingMusicCell.h */,
				D9AF5CA51D26709200A22593 /* SOLoadingMusicCell.m */,
			);
			name = View;
			sourceTree = "<group>";
		};
		D9AF5CAC1D2671A800A22593 /* Model */ = {
			isa = PBXGroup;
			children = (
				09B85BB01CD8E85400FE4D7E /* SOMusic.h */,
				09B85BB11CD8E85400FE4D7E /* SOMusic.m */,
				D9AF5CA71D26715900A22593 /* SOLocalStore.h */,
				D9AF5CA81D26715900A22593 /* SOLocalStore.m */,
			);
			name = Model;
			sourceTree = "<group>";
		};
		D9AF5CAD1D2671B600A22593 /* ViewController */ = {
			isa = PBXGroup;
			children = (
				D9A084231D1797DD0093955A /* SOMusicListViewController.h */,
				D9A084241D1797DD0093955A /* SOMusicListViewController.m */,
				D9AF5C9B1D266ECC00A22593 /* SODownloadViewController.h */,
				D9AF5C9C1D266ECC00A22593 /* SODownloadViewController.m */,
			);
			name = ViewController;
			sourceTree = "<group>";
		};
		F701442ED32DD996A0348104 /* Pods */ = {
			isa = PBXGroup;
			children = (
				0FD10F8ECCB4AF0D3775C09B /* Pods-SODownloadExample.debug.xcconfig */,
				E0DB6CB621DCCF438BC0A510 /* Pods-SODownloadExample.release.xcconfig */,
			);
			name = Pods;
			sourceTree = "<group>";
		};
/* End PBXGroup section */

/* Begin PBXNativeTarget section */
		09B85B8E1CD8CD1B00FE4D7E /* SODownloadExample */ = {
			isa = PBXNativeTarget;
			buildConfigurationList = 09B85BA61CD8CD1B00FE4D7E /* Build configuration list for PBXNativeTarget "SODownloadExample" */;
			buildPhases = (
				DCC2E8320B57F4E28C7D081C /* Check Pods Manifest.lock */,
				09B85B8B1CD8CD1B00FE4D7E /* Sources */,
				09B85B8C1CD8CD1B00FE4D7E /* Frameworks */,
				09B85B8D1CD8CD1B00FE4D7E /* Resources */,
				997F2E16365B7BD05EC1C375 /* Embed Pods Frameworks */,
				C2E59DE7AA38C8DF87F3D45B /* Copy Pods Resources */,
			);
			buildRules = (
			);
			dependencies = (
			);
			name = SODownloadExample;
			productName = SODownloadExample;
			productReference = 09B85B8F1CD8CD1B00FE4D7E /* SODownloadExample.app */;
			productType = "com.apple.product-type.application";
		};
/* End PBXNativeTarget section */

/* Begin PBXProject section */
		09B85B871CD8CD1B00FE4D7E /* Project object */ = {
			isa = PBXProject;
			attributes = {
				LastUpgradeCheck = 0730;
				ORGANIZATIONNAME = "http://scfhao.coding.me";
				TargetAttributes = {
					09B85B8E1CD8CD1B00FE4D7E = {
						CreatedOnToolsVersion = 7.3;
					};
				};
			};
			buildConfigurationList = 09B85B8A1CD8CD1B00FE4D7E /* Build configuration list for PBXProject "SODownloadExample" */;
			compatibilityVersion = "Xcode 3.2";
			developmentRegion = English;
			hasScannedForEncodings = 0;
			knownRegions = (
				en,
				Base,
			);
			mainGroup = 09B85B861CD8CD1B00FE4D7E;
			productRefGroup = 09B85B901CD8CD1B00FE4D7E /* Products */;
			projectDirPath = "";
			projectRoot = "";
			targets = (
				09B85B8E1CD8CD1B00FE4D7E /* SODownloadExample */,
			);
		};
/* End PBXProject section */

/* Begin PBXResourcesBuildPhase section */
		09B85B8D1CD8CD1B00FE4D7E /* Resources */ = {
			isa = PBXResourcesBuildPhase;
			buildActionMask = 2147483647;
			files = (
				09B85BA21CD8CD1B00FE4D7E /* LaunchScreen.storyboard in Resources */,
				09B85B9F1CD8CD1B00FE4D7E /* Assets.xcassets in Resources */,
				09B85B9D1CD8CD1B00FE4D7E /* Main.storyboard in Resources */,
			);
			runOnlyForDeploymentPostprocessing = 0;
		};
/* End PBXResourcesBuildPhase section */

/* Begin PBXShellScriptBuildPhase section */
		997F2E16365B7BD05EC1C375 /* Embed Pods Frameworks */ = {
			isa = PBXShellScriptBuildPhase;
			buildActionMask = 2147483647;
			files = (
			);
			inputPaths = (
			);
			name = "Embed Pods Frameworks";
			outputPaths = (
			);
			runOnlyForDeploymentPostprocessing = 0;
			shellPath = /bin/sh;
			shellScript = "\"${SRCROOT}/Pods/Target Support Files/Pods-SODownloadExample/Pods-SODownloadExample-frameworks.sh\"\n";
			showEnvVarsInLog = 0;
		};
		C2E59DE7AA38C8DF87F3D45B /* Copy Pods Resources */ = {
			isa = PBXShellScriptBuildPhase;
			buildActionMask = 2147483647;
			files = (
			);
			inputPaths = (
			);
			name = "Copy Pods Resources";
			outputPaths = (
			);
			runOnlyForDeploymentPostprocessing = 0;
			shellPath = /bin/sh;
			shellScript = "\"${SRCROOT}/Pods/Target Support Files/Pods-SODownloadExample/Pods-SODownloadExample-resources.sh\"\n";
			showEnvVarsInLog = 0;
		};
		DCC2E8320B57F4E28C7D081C /* Check Pods Manifest.lock */ = {
			isa = PBXShellScriptBuildPhase;
			buildActionMask = 2147483647;
			files = (
			);
			inputPaths = (
			);
			name = "Check Pods Manifest.lock";
			outputPaths = (
			);
			runOnlyForDeploymentPostprocessing = 0;
			shellPath = /bin/sh;
			shellScript = "diff \"${PODS_ROOT}/../Podfile.lock\" \"${PODS_ROOT}/Manifest.lock\" > /dev/null\nif [[ $? != 0 ]] ; then\n    cat << EOM\nerror: The sandbox is not in sync with the Podfile.lock. Run 'pod install' or update your CocoaPods installation.\nEOM\n    exit 1\nfi\n";
			showEnvVarsInLog = 0;
		};
/* End PBXShellScriptBuildPhase section */

/* Begin PBXSourcesBuildPhase section */
		09B85B8B1CD8CD1B00FE4D7E /* Sources */ = {
			isa = PBXSourcesBuildPhase;
			buildActionMask = 2147483647;
			files = (
				09B85BAF1CD8CD6E00FE4D7E /* SODownloadItem.m in Sources */,
				09B85B971CD8CD1B00FE4D7E /* AppDelegate.m in Sources */,
				09B85BB21CD8E85400FE4D7E /* SOMusic.m in Sources */,
				D9AF5CA61D26709200A22593 /* SOLoadingMusicCell.m in Sources */,
				D9AF5C9D1D266ECC00A22593 /* SODownloadViewController.m in Sources */,
				09B85BAC1CD8CD5F00FE4D7E /* SODownloader.m in Sources */,
				D9AF5CA91D26715900A22593 /* SOLocalStore.m in Sources */,
				D9AF5CA31D26707D00A22593 /* SOLocalMusicCell.m in Sources */,
				D9A084251D1797DD0093955A /* SOMusicListViewController.m in Sources */,
				D9A084281D17981F0093955A /* SOMusicListCell.m in Sources */,
				09B85B941CD8CD1B00FE4D7E /* main.m in Sources */,
			);
			runOnlyForDeploymentPostprocessing = 0;
		};
/* End PBXSourcesBuildPhase section */

/* Begin PBXVariantGroup section */
		09B85B9B1CD8CD1B00FE4D7E /* Main.storyboard */ = {
			isa = PBXVariantGroup;
			children = (
				09B85B9C1CD8CD1B00FE4D7E /* Base */,
			);
			name = Main.storyboard;
			sourceTree = "<group>";
		};
		09B85BA01CD8CD1B00FE4D7E /* LaunchScreen.storyboard */ = {
			isa = PBXVariantGroup;
			children = (
				09B85BA11CD8CD1B00FE4D7E /* Base */,
			);
			name = LaunchScreen.storyboard;
			sourceTree = "<group>";
		};
/* End PBXVariantGroup section */

/* Begin XCBuildConfiguration section */
		09B85BA41CD8CD1B00FE4D7E /* Debug */ = {
			isa = XCBuildConfiguration;
			buildSettings = {
				ALWAYS_SEARCH_USER_PATHS = NO;
				CLANG_ANALYZER_NONNULL = YES;
				CLANG_CXX_LANGUAGE_STANDARD = "gnu++0x";
				CLANG_CXX_LIBRARY = "libc++";
				CLANG_ENABLE_MODULES = YES;
				CLANG_ENABLE_OBJC_ARC = YES;
				CLANG_WARN_BOOL_CONVERSION = YES;
				CLANG_WARN_CONSTANT_CONVERSION = YES;
				CLANG_WARN_DIRECT_OBJC_ISA_USAGE = YES_ERROR;
				CLANG_WARN_EMPTY_BODY = YES;
				CLANG_WARN_ENUM_CONVERSION = YES;
				CLANG_WARN_INT_CONVERSION = YES;
				CLANG_WARN_OBJC_ROOT_CLASS = YES_ERROR;
				CLANG_WARN_UNREACHABLE_CODE = YES;
				CLANG_WARN__DUPLICATE_METHOD_MATCH = YES;
				"CODE_SIGN_IDENTITY[sdk=iphoneos*]" = "iPhone Developer";
				COPY_PHASE_STRIP = NO;
				DEBUG_INFORMATION_FORMAT = dwarf;
				ENABLE_STRICT_OBJC_MSGSEND = YES;
				ENABLE_TESTABILITY = YES;
				GCC_C_LANGUAGE_STANDARD = gnu99;
				GCC_DYNAMIC_NO_PIC = NO;
				GCC_NO_COMMON_BLOCKS = YES;
				GCC_OPTIMIZATION_LEVEL = 0;
				GCC_PREPROCESSOR_DEFINITIONS = (
					"DEBUG=1",
					"$(inherited)",
				);
				GCC_WARN_64_TO_32_BIT_CONVERSION = YES;
				GCC_WARN_ABOUT_RETURN_TYPE = YES_ERROR;
				GCC_WARN_UNDECLARED_SELECTOR = YES;
				GCC_WARN_UNINITIALIZED_AUTOS = YES_AGGRESSIVE;
				GCC_WARN_UNUSED_FUNCTION = YES;
				GCC_WARN_UNUSED_VARIABLE = YES;
				IPHONEOS_DEPLOYMENT_TARGET = 9.3;
				MTL_ENABLE_DEBUG_INFO = YES;
				ONLY_ACTIVE_ARCH = YES;
				SDKROOT = iphoneos;
				TARGETED_DEVICE_FAMILY = "1,2";
			};
			name = Debug;
		};
		09B85BA51CD8CD1B00FE4D7E /* Release */ = {
			isa = XCBuildConfiguration;
			buildSettings = {
				ALWAYS_SEARCH_USER_PATHS = NO;
				CLANG_ANALYZER_NONNULL = YES;
				CLANG_CXX_LANGUAGE_STANDARD = "gnu++0x";
				CLANG_CXX_LIBRARY = "libc++";
				CLANG_ENABLE_MODULES = YES;
				CLANG_ENABLE_OBJC_ARC = YES;
				CLANG_WARN_BOOL_CONVERSION = YES;
				CLANG_WARN_CONSTANT_CONVERSION = YES;
				CLANG_WARN_DIRECT_OBJC_ISA_USAGE = YES_ERROR;
				CLANG_WARN_EMPTY_BODY = YES;
				CLANG_WARN_ENUM_CONVERSION = YES;
				CLANG_WARN_INT_CONVERSION = YES;
				CLANG_WARN_OBJC_ROOT_CLASS = YES_ERROR;
				CLANG_WARN_UNREACHABLE_CODE = YES;
				CLANG_WARN__DUPLICATE_METHOD_MATCH = YES;
				"CODE_SIGN_IDENTITY[sdk=iphoneos*]" = "iPhone Developer";
				COPY_PHASE_STRIP = NO;
				DEBUG_INFORMATION_FORMAT = "dwarf-with-dsym";
				ENABLE_NS_ASSERTIONS = NO;
				ENABLE_STRICT_OBJC_MSGSEND = YES;
				GCC_C_LANGUAGE_STANDARD = gnu99;
				GCC_NO_COMMON_BLOCKS = YES;
				GCC_WARN_64_TO_32_BIT_CONVERSION = YES;
				GCC_WARN_ABOUT_RETURN_TYPE = YES_ERROR;
				GCC_WARN_UNDECLARED_SELECTOR = YES;
				GCC_WARN_UNINITIALIZED_AUTOS = YES_AGGRESSIVE;
				GCC_WARN_UNUSED_FUNCTION = YES;
				GCC_WARN_UNUSED_VARIABLE = YES;
				IPHONEOS_DEPLOYMENT_TARGET = 9.3;
				MTL_ENABLE_DEBUG_INFO = NO;
				SDKROOT = iphoneos;
				TARGETED_DEVICE_FAMILY = "1,2";
				VALIDATE_PRODUCT = YES;
			};
			name = Release;
		};
		09B85BA71CD8CD1B00FE4D7E /* Debug */ = {
			isa = XCBuildConfiguration;
			baseConfigurationReference = 0FD10F8ECCB4AF0D3775C09B /* Pods-SODownloadExample.debug.xcconfig */;
			buildSettings = {
				ASSETCATALOG_COMPILER_APPICON_NAME = AppIcon;
				INFOPLIST_FILE = SODownloadExample/Info.plist;
				LD_RUNPATH_SEARCH_PATHS = "$(inherited) @executable_path/Frameworks";
				PRODUCT_BUNDLE_IDENTIFIER = cn.scfhao.SODownloadExample;
				PRODUCT_NAME = "$(TARGET_NAME)";
			};
			name = Debug;
		};
		09B85BA81CD8CD1B00FE4D7E /* Release */ = {
			isa = XCBuildConfiguration;
			baseConfigurationReference = E0DB6CB621DCCF438BC0A510 /* Pods-SODownloadExample.release.xcconfig */;
			buildSettings = {
				ASSETCATALOG_COMPILER_APPICON_NAME = AppIcon;
				INFOPLIST_FILE = SODownloadExample/Info.plist;
				LD_RUNPATH_SEARCH_PATHS = "$(inherited) @executable_path/Frameworks";
				PRODUCT_BUNDLE_IDENTIFIER = cn.scfhao.SODownloadExample;
				PRODUCT_NAME = "$(TARGET_NAME)";
			};
			name = Release;
		};
/* End XCBuildConfiguration section */

/* Begin XCConfigurationList section */
		09B85B8A1CD8CD1B00FE4D7E /* Build configuration list for PBXProject "SODownloadExample" */ = {
			isa = XCConfigurationList;
			buildConfigurations = (
				09B85BA41CD8CD1B00FE4D7E /* Debug */,
				09B85BA51CD8CD1B00FE4D7E /* Release */,
			);
			defaultConfigurationIsVisible = 0;
			defaultConfigurationName = Release;
		};
		09B85BA61CD8CD1B00FE4D7E /* Build configuration list for PBXNativeTarget "SODownloadExample" */ = {
			isa = XCConfigurationList;
			buildConfigurations = (
				09B85BA71CD8CD1B00FE4D7E /* Debug */,
				09B85BA81CD8CD1B00FE4D7E /* Release */,
			);
			defaultConfigurationIsVisible = 0;
			defaultConfigurationName = Release;
		};
/* End XCConfigurationList section */
	};
	rootObject = 09B85B871CD8CD1B00FE4D7E /* Project object */;
}
