// !$*UTF8*$!
{
	archiveVersion = 1;
	classes = {
	};
	objectVersion = 46;
	objects = {

/* Begin PBXBuildFile section */
		09B85B941CD8CD1B00FE4D7E /* main.m in Sources */ = {isa = PBXBuildFile; fileRef = 09B85B931CD8CD1B00FE4D7E /* main.m */; };
		09B85B971CD8CD1B00FE4D7E /* AppDelegate.m in Sources */ = {isa = PBXBuildFile; fileRef = 09B85B961CD8CD1B00FE4D7E /* AppDelegate.m */; };
		09B85B9A1CD8CD1B00FE4D7E /* ViewController.m in Sources */ = {isa = PBXBuildFile; fileRef = 09B85B991CD8CD1B00FE4D7E /* ViewController.m */; };
		09B85B9D1CD8CD1B00FE4D7E /* Main.storyboard in Resources */ = {isa = PBXBuildFile; fileRef = 09B85B9B1CD8CD1B00FE4D7E /* Main.storyboard */; };
		09B85B9F1CD8CD1B00FE4D7E /* Assets.xcassets in Resources */ = {isa = PBXBuildFile; fileRef = 09B85B9E1CD8CD1B00FE4D7E /* Assets.xcassets */; };
		09B85BA21CD8CD1B00FE4D7E /* LaunchScreen.storyboard in Resources */ = {isa = PBXBuildFile; fileRef = 09B85BA01CD8CD1B00FE4D7E /* LaunchScreen.storyboard */; };
		09B85BAC1CD8CD5F00FE4D7E /* SODownloader.m in Sources */ = {isa = PBXBuildFile; fileRef = 09B85BAB1CD8CD5F00FE4D7E /* SODownloader.m */; };
		09B85BAF1CD8CD6E00FE4D7E /* SODownloadItem.m in Sources */ = {isa = PBXBuildFile; fileRef = 09B85BAE1CD8CD6E00FE4D7E /* SODownloadItem.m */; };
		09B85BB21CD8E85400FE4D7E /* SOMusic.m in Sources */ = {isa = PBXBuildFile; fileRef = 09B85BB11CD8E85400FE4D7E /* SOMusic.m */; };
		D9A0841D1D1796FC0093955A /* AFHTTPSessionManager.m in Sources */ = {isa = PBXBuildFile; fileRef = D9A084111D1796FC0093955A /* AFHTTPSessionManager.m */; };
		D9A0841E1D1796FC0093955A /* AFNetworkReachabilityManager.m in Sources */ = {isa = PBXBuildFile; fileRef = D9A084141D1796FC0093955A /* AFNetworkReachabilityManager.m */; };
		D9A0841F1D1796FC0093955A /* AFSecurityPolicy.m in Sources */ = {isa = PBXBuildFile; fileRef = D9A084161D1796FC0093955A /* AFSecurityPolicy.m */; };
		D9A084201D1796FC0093955A /* AFURLRequestSerialization.m in Sources */ = {isa = PBXBuildFile; fileRef = D9A084181D1796FC0093955A /* AFURLRequestSerialization.m */; };
		D9A084211D1796FC0093955A /* AFURLResponseSerialization.m in Sources */ = {isa = PBXBuildFile; fileRef = D9A0841A1D1796FC0093955A /* AFURLResponseSerialization.m */; };
		D9A084221D1796FC0093955A /* AFURLSessionManager.m in Sources */ = {isa = PBXBuildFile; fileRef = D9A0841C1D1796FC0093955A /* AFURLSessionManager.m */; };
		D9A084251D1797DD0093955A /* SOMusicListViewController.m in Sources */ = {isa = PBXBuildFile; fileRef = D9A084241D1797DD0093955A /* SOMusicListViewController.m */; };
		D9A084281D17981F0093955A /* SOMusicListCell.m in Sources */ = {isa = PBXBuildFile; fileRef = D9A084271D17981F0093955A /* SOMusicListCell.m */; };
/* End PBXBuildFile section */

/* Begin PBXFileReference section */
		09B85B8F1CD8CD1B00FE4D7E /* SODownloadExample.app */ = {isa = PBXFileReference; explicitFileType = wrapper.application; includeInIndex = 0; path = SODownloadExample.app; sourceTree = BUILT_PRODUCTS_DIR; };
		09B85B931CD8CD1B00FE4D7E /* main.m */ = {isa = PBXFileReference; lastKnownFileType = sourcecode.c.objc; path = main.m; sourceTree = "<group>"; };
		09B85B951CD8CD1B00FE4D7E /* AppDelegate.h */ = {isa = PBXFileReference; lastKnownFileType = sourcecode.c.h; path = AppDelegate.h; sourceTree = "<group>"; };
		09B85B961CD8CD1B00FE4D7E /* AppDelegate.m */ = {isa = PBXFileReference; lastKnownFileType = sourcecode.c.objc; path = AppDelegate.m; sourceTree = "<group>"; };
		09B85B981CD8CD1B00FE4D7E /* ViewController.h */ = {isa = PBXFileReference; lastKnownFileType = sourcecode.c.h; path = ViewController.h; sourceTree = "<group>"; };
		09B85B991CD8CD1B00FE4D7E /* ViewController.m */ = {isa = PBXFileReference; lastKnownFileType = sourcecode.c.objc; path = ViewController.m; sourceTree = "<group>"; };
		09B85B9C1CD8CD1B00FE4D7E /* Base */ = {isa = PBXFileReference; lastKnownFileType = file.storyboard; name = Base; path = Base.lproj/Main.storyboard; sourceTree = "<group>"; };
		09B85B9E1CD8CD1B00FE4D7E /* Assets.xcassets */ = {isa = PBXFileReference; lastKnownFileType = folder.assetcatalog; path = Assets.xcassets; sourceTree = "<group>"; };
		09B85BA11CD8CD1B00FE4D7E /* Base */ = {isa = PBXFileReference; lastKnownFileType = file.storyboard; name = Base; path = Base.lproj/LaunchScreen.storyboard; sourceTree = "<group>"; };
		09B85BA31CD8CD1B00FE4D7E /* Info.plist */ = {isa = PBXFileReference; lastKnownFileType = text.plist.xml; path = Info.plist; sourceTree = "<group>"; };
		09B85BAA1CD8CD5F00FE4D7E /* SODownloader.h */ = {isa = PBXFileReference; fileEncoding = 4; lastKnownFileType = sourcecode.c.h; path = SODownloader.h; sourceTree = "<group>"; };
		09B85BAB1CD8CD5F00FE4D7E /* SODownloader.m */ = {isa = PBXFileReference; fileEncoding = 4; lastKnownFileType = sourcecode.c.objc; path = SODownloader.m; sourceTree = "<group>"; };
		09B85BAD1CD8CD6E00FE4D7E /* SODownloadItem.h */ = {isa = PBXFileReference; fileEncoding = 4; lastKnownFileType = sourcecode.c.h; path = SODownloadItem.h; sourceTree = "<group>"; };
		09B85BAE1CD8CD6E00FE4D7E /* SODownloadItem.m */ = {isa = PBXFileReference; fileEncoding = 4; lastKnownFileType = sourcecode.c.objc; path = SODownloadItem.m; sourceTree = "<group>"; };
		09B85BB01CD8E85400FE4D7E /* SOMusic.h */ = {isa = PBXFileReference; fileEncoding = 4; lastKnownFileType = sourcecode.c.h; path = SOMusic.h; sourceTree = "<group>"; };
		09B85BB11CD8E85400FE4D7E /* SOMusic.m */ = {isa = PBXFileReference; fileEncoding = 4; lastKnownFileType = sourcecode.c.objc; path = SOMusic.m; sourceTree = "<group>"; };
		D9A084101D1796FC0093955A /* AFHTTPSessionManager.h */ = {isa = PBXFileReference; fileEncoding = 4; lastKnownFileType = sourcecode.c.h; path = AFHTTPSessionManager.h; sourceTree = "<group>"; };
		D9A084111D1796FC0093955A /* AFHTTPSessionManager.m */ = {isa = PBXFileReference; fileEncoding = 4; lastKnownFileType = sourcecode.c.objc; path = AFHTTPSessionManager.m; sourceTree = "<group>"; };
		D9A084121D1796FC0093955A /* AFNetworking.h */ = {isa = PBXFileReference; fileEncoding = 4; lastKnownFileType = sourcecode.c.h; path = AFNetworking.h; sourceTree = "<group>"; };
		D9A084131D1796FC0093955A /* AFNetworkReachabilityManager.h */ = {isa = PBXFileReference; fileEncoding = 4; lastKnownFileType = sourcecode.c.h; path = AFNetworkReachabilityManager.h; sourceTree = "<group>"; };
		D9A084141D1796FC0093955A /* AFNetworkReachabilityManager.m */ = {isa = PBXFileReference; fileEncoding = 4; lastKnownFileType = sourcecode.c.objc; path = AFNetworkReachabilityManager.m; sourceTree = "<group>"; };
		D9A084151D1796FC0093955A /* AFSecurityPolicy.h */ = {isa = PBXFileReference; fileEncoding = 4; lastKnownFileType = sourcecode.c.h; path = AFSecurityPolicy.h; sourceTree = "<group>"; };
		D9A084161D1796FC0093955A /* AFSecurityPolicy.m */ = {isa = PBXFileReference; fileEncoding = 4; lastKnownFileType = sourcecode.c.objc; path = AFSecurityPolicy.m; sourceTree = "<group>"; };
		D9A084171D1796FC0093955A /* AFURLRequestSerialization.h */ = {isa = PBXFileReference; fileEncoding = 4; lastKnownFileType = sourcecode.c.h; path = AFURLRequestSerialization.h; sourceTree = "<group>"; };
		D9A084181D1796FC0093955A /* AFURLRequestSerialization.m */ = {isa = PBXFileReference; fileEncoding = 4; lastKnownFileType = sourcecode.c.objc; path = AFURLRequestSerialization.m; sourceTree = "<group>"; };
		D9A084191D1796FC0093955A /* AFURLResponseSerialization.h */ = {isa = PBXFileReference; fileEncoding = 4; lastKnownFileType = sourcecode.c.h; path = AFURLResponseSerialization.h; sourceTree = "<group>"; };
		D9A0841A1D1796FC0093955A /* AFURLResponseSerialization.m */ = {isa = PBXFileReference; fileEncoding = 4; lastKnownFileType = sourcecode.c.objc; path = AFURLResponseSerialization.m; sourceTree = "<group>"; };
		D9A0841B1D1796FC0093955A /* AFURLSessionManager.h */ = {isa = PBXFileReference; fileEncoding = 4; lastKnownFileType = sourcecode.c.h; path = AFURLSessionManager.h; sourceTree = "<group>"; };
		D9A0841C1D1796FC0093955A /* AFURLSessionManager.m */ = {isa = PBXFileReference; fileEncoding = 4; lastKnownFileType = sourcecode.c.objc; path = AFURLSessionManager.m; sourceTree = "<group>"; };
		D9A084231D1797DD0093955A /* SOMusicListViewController.h */ = {isa = PBXFileReference; fileEncoding = 4; lastKnownFileType = sourcecode.c.h; path = SOMusicListViewController.h; sourceTree = "<group>"; };
		D9A084241D1797DD0093955A /* SOMusicListViewController.m */ = {isa = PBXFileReference; fileEncoding = 4; lastKnownFileType = sourcecode.c.objc; path = SOMusicListViewController.m; sourceTree = "<group>"; };
		D9A084261D17981F0093955A /* SOMusicListCell.h */ = {isa = PBXFileReference; fileEncoding = 4; lastKnownFileType = sourcecode.c.h; path = SOMusicListCell.h; sourceTree = "<group>"; };
		D9A084271D17981F0093955A /* SOMusicListCell.m */ = {isa = PBXFileReference; fileEncoding = 4; lastKnownFileType = sourcecode.c.objc; path = SOMusicListCell.m; sourceTree = "<group>"; };
/* End PBXFileReference section */

/* Begin PBXFrameworksBuildPhase section */
		09B85B8C1CD8CD1B00FE4D7E /* Frameworks */ = {
			isa = PBXFrameworksBuildPhase;
			buildActionMask = 2147483647;
			files = (
			);
			runOnlyForDeploymentPostprocessing = 0;
		};
/* End PBXFrameworksBuildPhase section */

/* Begin PBXGroup section */
		09B85B861CD8CD1B00FE4D7E = {
			isa = PBXGroup;
			children = (
				09B85B911CD8CD1B00FE4D7E /* SODownloadExample */,
				09B85B901CD8CD1B00FE4D7E /* Products */,
			);
			sourceTree = "<group>";
		};
		09B85B901CD8CD1B00FE4D7E /* Products */ = {
			isa = PBXGroup;
			children = (
				09B85B8F1CD8CD1B00FE4D7E /* SODownloadExample.app */,
			);
			name = Products;
			sourceTree = "<group>";
		};
		09B85B911CD8CD1B00FE4D7E /* SODownloadExample */ = {
			isa = PBXGroup;
			children = (
				D9A0840F1D1796FC0093955A /* AFNetworking */,
				09B85BA91CD8CD4300FE4D7E /* SODownloader */,
				09B85B951CD8CD1B00FE4D7E /* AppDelegate.h */,
				09B85B961CD8CD1B00FE4D7E /* AppDelegate.m */,
				09B85B981CD8CD1B00FE4D7E /* ViewController.h */,
				09B85B991CD8CD1B00FE4D7E /* ViewController.m */,
				09B85B9B1CD8CD1B00FE4D7E /* Main.storyboard */,
				09B85B9E1CD8CD1B00FE4D7E /* Assets.xcassets */,
				09B85BA01CD8CD1B00FE4D7E /* LaunchScreen.storyboard */,
				09B85BA31CD8CD1B00FE4D7E /* Info.plist */,
				09B85B921CD8CD1B00FE4D7E /* Supporting Files */,
				09B85BB01CD8E85400FE4D7E /* SOMusic.h */,
				09B85BB11CD8E85400FE4D7E /* SOMusic.m */,
				D9A084231D1797DD0093955A /* SOMusicListViewController.h */,
				D9A084241D1797DD0093955A /* SOMusicListViewController.m */,
				D9A084261D17981F0093955A /* SOMusicListCell.h */,
				D9A084271D17981F0093955A /* SOMusicListCell.m */,
			);
			path = SODownloadExample;
			sourceTree = "<group>";
		};
		09B85B921CD8CD1B00FE4D7E /* Supporting Files */ = {
			isa = PBXGroup;
			children = (
				09B85B931CD8CD1B00FE4D7E /* main.m */,
			);
			name = "Supporting Files";
			sourceTree = "<group>";
		};
		09B85BA91CD8CD4300FE4D7E /* SODownloader */ = {
			isa = PBXGroup;
			children = (
				09B85BAA1CD8CD5F00FE4D7E /* SODownloader.h */,
				09B85BAB1CD8CD5F00FE4D7E /* SODownloader.m */,
				09B85BAD1CD8CD6E00FE4D7E /* SODownloadItem.h */,
				09B85BAE1CD8CD6E00FE4D7E /* SODownloadItem.m */,
			);
			path = SODownloader;
			sourceTree = "<group>";
		};
		D9A0840F1D1796FC0093955A /* AFNetworking */ = {
			isa = PBXGroup;
			children = (
				D9A084101D1796FC0093955A /* AFHTTPSessionManager.h */,
				D9A084111D1796FC0093955A /* AFHTTPSessionManager.m */,
				D9A084121D1796FC0093955A /* AFNetworking.h */,
				D9A084131D1796FC0093955A /* AFNetworkReachabilityManager.h */,
				D9A084141D1796FC0093955A /* AFNetworkReachabilityManager.m */,
				D9A084151D1796FC0093955A /* AFSecurityPolicy.h */,
				D9A084161D1796FC0093955A /* AFSecurityPolicy.m */,
				D9A084171D1796FC0093955A /* AFURLRequestSerialization.h */,
				D9A084181D1796FC0093955A /* AFURLRequestSerialization.m */,
				D9A084191D1796FC0093955A /* AFURLResponseSerialization.h */,
				D9A0841A1D1796FC0093955A /* AFURLResponseSerialization.m */,
				D9A0841B1D1796FC0093955A /* AFURLSessionManager.h */,
				D9A0841C1D1796FC0093955A /* AFURLSessionManager.m */,
			);
			path = AFNetworking;
			sourceTree = "<group>";
		};
/* End PBXGroup section */

/* Begin PBXNativeTarget section */
		09B85B8E1CD8CD1B00FE4D7E /* SODownloadExample */ = {
			isa = PBXNativeTarget;
			buildConfigurationList = 09B85BA61CD8CD1B00FE4D7E /* Build configuration list for PBXNativeTarget "SODownloadExample" */;
			buildPhases = (
				09B85B8B1CD8CD1B00FE4D7E /* Sources */,
				09B85B8C1CD8CD1B00FE4D7E /* Frameworks */,
				09B85B8D1CD8CD1B00FE4D7E /* Resources */,
			);
			buildRules = (
			);
			dependencies = (
			);
			name = SODownloadExample;
			productName = SODownloadExample;
			productReference = 09B85B8F1CD8CD1B00FE4D7E /* SODownloadExample.app */;
			productType = "com.apple.product-type.application";
		};
/* End PBXNativeTarget section */

/* Begin PBXProject section */
		09B85B871CD8CD1B00FE4D7E /* Project object */ = {
			isa = PBXProject;
			attributes = {
				LastUpgradeCheck = 0730;
				ORGANIZATIONNAME = "http://scfhao.coding.me";
				TargetAttributes = {
					09B85B8E1CD8CD1B00FE4D7E = {
						CreatedOnToolsVersion = 7.3;
					};
				};
			};
			buildConfigurationList = 09B85B8A1CD8CD1B00FE4D7E /* Build configuration list for PBXProject "SODownloadExample" */;
			compatibilityVersion = "Xcode 3.2";
			developmentRegion = English;
			hasScannedForEncodings = 0;
			knownRegions = (
				en,
				Base,
			);
			mainGroup = 09B85B861CD8CD1B00FE4D7E;
			productRefGroup = 09B85B901CD8CD1B00FE4D7E /* Products */;
			projectDirPath = "";
			projectRoot = "";
			targets = (
				09B85B8E1CD8CD1B00FE4D7E /* SODownloadExample */,
			);
		};
/* End PBXProject section */

/* Begin PBXResourcesBuildPhase section */
		09B85B8D1CD8CD1B00FE4D7E /* Resources */ = {
			isa = PBXResourcesBuildPhase;
			buildActionMask = 2147483647;
			files = (
				09B85BA21CD8CD1B00FE4D7E /* LaunchScreen.storyboard in Resources */,
				09B85B9F1CD8CD1B00FE4D7E /* Assets.xcassets in Resources */,
				09B85B9D1CD8CD1B00FE4D7E /* Main.storyboard in Resources */,
			);
			runOnlyForDeploymentPostprocessing = 0;
		};
/* End PBXResourcesBuildPhase section */

/* Begin PBXSourcesBuildPhase section */
		09B85B8B1CD8CD1B00FE4D7E /* Sources */ = {
			isa = PBXSourcesBuildPhase;
			buildActionMask = 2147483647;
			files = (
				09B85BAF1CD8CD6E00FE4D7E /* SODownloadItem.m in Sources */,
				D9A0841F1D1796FC0093955A /* AFSecurityPolicy.m in Sources */,
				09B85B9A1CD8CD1B00FE4D7E /* ViewController.m in Sources */,
				09B85B971CD8CD1B00FE4D7E /* AppDelegate.m in Sources */,
				D9A084211D1796FC0093955A /* AFURLResponseSerialization.m in Sources */,
				09B85BB21CD8E85400FE4D7E /* SOMusic.m in Sources */,
				09B85BAC1CD8CD5F00FE4D7E /* SODownloader.m in Sources */,
				D9A0841D1D1796FC0093955A /* AFHTTPSessionManager.m in Sources */,
				D9A084201D1796FC0093955A /* AFURLRequestSerialization.m in Sources */,
				D9A084251D1797DD0093955A /* SOMusicListViewController.m in Sources */,
				D9A084221D1796FC0093955A /* AFURLSessionManager.m in Sources */,
				D9A084281D17981F0093955A /* SOMusicListCell.m in Sources */,
				D9A0841E1D1796FC0093955A /* AFNetworkReachabilityManager.m in Sources */,
				09B85B941CD8CD1B00FE4D7E /* main.m in Sources */,
			);
			runOnlyForDeploymentPostprocessing = 0;
		};
/* End PBXSourcesBuildPhase section */

/* Begin PBXVariantGroup section */
		09B85B9B1CD8CD1B00FE4D7E /* Main.storyboard */ = {
			isa = PBXVariantGroup;
			children = (
				09B85B9C1CD8CD1B00FE4D7E /* Base */,
			);
			name = Main.storyboard;
			sourceTree = "<group>";
		};
		09B85BA01CD8CD1B00FE4D7E /* LaunchScreen.storyboard */ = {
			isa = PBXVariantGroup;
			children = (
				09B85BA11CD8CD1B00FE4D7E /* Base */,
			);
			name = LaunchScreen.storyboard;
			sourceTree = "<group>";
		};
/* End PBXVariantGroup section */

/* Begin XCBuildConfiguration section */
		09B85BA41CD8CD1B00FE4D7E /* Debug */ = {
			isa = XCBuildConfiguration;
			buildSettings = {
				ALWAYS_SEARCH_USER_PATHS = NO;
				CLANG_ANALYZER_NONNULL = YES;
				CLANG_CXX_LANGUAGE_STANDARD = "gnu++0x";
				CLANG_CXX_LIBRARY = "libc++";
				CLANG_ENABLE_MODULES = YES;
				CLANG_ENABLE_OBJC_ARC = YES;
				CLANG_WARN_BOOL_CONVERSION = YES;
				CLANG_WARN_CONSTANT_CONVERSION = YES;
				CLANG_WARN_DIRECT_OBJC_ISA_USAGE = YES_ERROR;
				CLANG_WARN_EMPTY_BODY = YES;
				CLANG_WARN_ENUM_CONVERSION = YES;
				CLANG_WARN_INT_CONVERSION = YES;
				CLANG_WARN_OBJC_ROOT_CLASS = YES_ERROR;
				CLANG_WARN_UNREACHABLE_CODE = YES;
				CLANG_WARN__DUPLICATE_METHOD_MATCH = YES;
				"CODE_SIGN_IDENTITY[sdk=iphoneos*]" = "iPhone Developer";
				COPY_PHASE_STRIP = NO;
				DEBUG_INFORMATION_FORMAT = dwarf;
				ENABLE_STRICT_OBJC_MSGSEND = YES;
				ENABLE_TESTABILITY = YES;
				GCC_C_LANGUAGE_STANDARD = gnu99;
				GCC_DYNAMIC_NO_PIC = NO;
				GCC_NO_COMMON_BLOCKS = YES;
				GCC_OPTIMIZATION_LEVEL = 0;
				GCC_PREPROCESSOR_DEFINITIONS = (
					"DEBUG=1",
					"$(inherited)",
				);
				GCC_WARN_64_TO_32_BIT_CONVERSION = YES;
				GCC_WARN_ABOUT_RETURN_TYPE = YES_ERROR;
				GCC_WARN_UNDECLARED_SELECTOR = YES;
				GCC_WARN_UNINITIALIZED_AUTOS = YES_AGGRESSIVE;
				GCC_WARN_UNUSED_FUNCTION = YES;
				GCC_WARN_UNUSED_VARIABLE = YES;
				IPHONEOS_DEPLOYMENT_TARGET = 9.3;
				MTL_ENABLE_DEBUG_INFO = YES;
				ONLY_ACTIVE_ARCH = YES;
				SDKROOT = iphoneos;
				TARGETED_DEVICE_FAMILY = "1,2";
			};
			name = Debug;
		};
		09B85BA51CD8CD1B00FE4D7E /* Release */ = {
			isa = XCBuildConfiguration;
			buildSettings = {
				ALWAYS_SEARCH_USER_PATHS = NO;
				CLANG_ANALYZER_NONNULL = YES;
				CLANG_CXX_LANGUAGE_STANDARD = "gnu++0x";
				CLANG_CXX_LIBRARY = "libc++";
				CLANG_ENABLE_MODULES = YES;
				CLANG_ENABLE_OBJC_ARC = YES;
				CLANG_WARN_BOOL_CONVERSION = YES;
				CLANG_WARN_CONSTANT_CONVERSION = YES;
				CLANG_WARN_DIRECT_OBJC_ISA_USAGE = YES_ERROR;
				CLANG_WARN_EMPTY_BODY = YES;
				CLANG_WARN_ENUM_CONVERSION = YES;
				CLANG_WARN_INT_CONVERSION = YES;
				CLANG_WARN_OBJC_ROOT_CLASS = YES_ERROR;
				CLANG_WARN_UNREACHABLE_CODE = YES;
				CLANG_WARN__DUPLICATE_METHOD_MATCH = YES;
				"CODE_SIGN_IDENTITY[sdk=iphoneos*]" = "iPhone Developer";
				COPY_PHASE_STRIP = NO;
				DEBUG_INFORMATION_FORMAT = "dwarf-with-dsym";
				ENABLE_NS_ASSERTIONS = NO;
				ENABLE_STRICT_OBJC_MSGSEND = YES;
				GCC_C_LANGUAGE_STANDARD = gnu99;
				GCC_NO_COMMON_BLOCKS = YES;
				GCC_WARN_64_TO_32_BIT_CONVERSION = YES;
				GCC_WARN_ABOUT_RETURN_TYPE = YES_ERROR;
				GCC_WARN_UNDECLARED_SELECTOR = YES;
				GCC_WARN_UNINITIALIZED_AUTOS = YES_AGGRESSIVE;
				GCC_WARN_UNUSED_FUNCTION = YES;
				GCC_WARN_UNUSED_VARIABLE = YES;
				IPHONEOS_DEPLOYMENT_TARGET = 9.3;
				MTL_ENABLE_DEBUG_INFO = NO;
				SDKROOT = iphoneos;
				TARGETED_DEVICE_FAMILY = "1,2";
				VALIDATE_PRODUCT = YES;
			};
			name = Release;
		};
		09B85BA71CD8CD1B00FE4D7E /* Debug */ = {
			isa = XCBuildConfiguration;
			buildSettings = {
				ASSETCATALOG_COMPILER_APPICON_NAME = AppIcon;
				INFOPLIST_FILE = SODownloadExample/Info.plist;
				LD_RUNPATH_SEARCH_PATHS = "$(inherited) @executable_path/Frameworks";
				PRODUCT_BUNDLE_IDENTIFIER = cn.scfhao.SODownloadExample;
				PRODUCT_NAME = "$(TARGET_NAME)";
			};
			name = Debug;
		};
		09B85BA81CD8CD1B00FE4D7E /* Release */ = {
			isa = XCBuildConfiguration;
			buildSettings = {
				ASSETCATALOG_COMPILER_APPICON_NAME = AppIcon;
				INFOPLIST_FILE = SODownloadExample/Info.plist;
				LD_RUNPATH_SEARCH_PATHS = "$(inherited) @executable_path/Frameworks";
				PRODUCT_BUNDLE_IDENTIFIER = cn.scfhao.SODownloadExample;
				PRODUCT_NAME = "$(TARGET_NAME)";
			};
			name = Release;
		};
/* End XCBuildConfiguration section */

/* Begin XCConfigurationList section */
		09B85B8A1CD8CD1B00FE4D7E /* Build configuration list for PBXProject "SODownloadExample" */ = {
			isa = XCConfigurationList;
			buildConfigurations = (
				09B85BA41CD8CD1B00FE4D7E /* Debug */,
				09B85BA51CD8CD1B00FE4D7E /* Release */,
			);
			defaultConfigurationIsVisible = 0;
			defaultConfigurationName = Release;
		};
		09B85BA61CD8CD1B00FE4D7E /* Build configuration list for PBXNativeTarget "SODownloadExample" */ = {
			isa = XCConfigurationList;
			buildConfigurations = (
				09B85BA71CD8CD1B00FE4D7E /* Debug */,
				09B85BA81CD8CD1B00FE4D7E /* Release */,
			);
			defaultConfigurationIsVisible = 0;
			defaultConfigurationName = Release;
		};
/* End XCConfigurationList section */
	};
	rootObject = 09B85B871CD8CD1B00FE4D7E /* Project object */;
}
